// !$*UTF8*$!
{
	archiveVersion = 1;
	classes = {
	};
	objectVersion = 46;
	objects = {

/* Begin PBXBuildFile section */
		056FEA76199E90E900B9383B /* main.m in Sources */ = {isa = PBXBuildFile; fileRef = 056FEA75199E90E900B9383B /* main.m */; };
		056FEA79199E90E900B9383B /* AppDelegate.m in Sources */ = {isa = PBXBuildFile; fileRef = 056FEA78199E90E900B9383B /* AppDelegate.m */; };
		056FEA7B199E90E900B9383B /* Images.xcassets in Resources */ = {isa = PBXBuildFile; fileRef = 056FEA7A199E90E900B9383B /* Images.xcassets */; };
		056FEA87199E90E900B9383B /* IntegerCharArrayTests.m in Sources */ = {isa = PBXBuildFile; fileRef = 056FEA86199E90E900B9383B /* IntegerCharArrayTests.m */; };
		056FEA92199E915C00B9383B /* ViewController.m in Sources */ = {isa = PBXBuildFile; fileRef = 056FEA91199E915C00B9383B /* ViewController.m */; };
		056FEA98199E96D700B9383B /* IntegerConverter.c in Sources */ = {isa = PBXBuildFile; fileRef = 056FEA97199E96D700B9383B /* IntegerConverter.c */; };
		056FEA9A199E992C00B9383B /* IntegerCharacterArrayAdder.c in Sources */ = {isa = PBXBuildFile; fileRef = 056FEA99199E992C00B9383B /* IntegerCharacterArrayAdder.c */; };
/* End PBXBuildFile section */

/* Begin PBXContainerItemProxy section */
		056FEA81199E90E900B9383B /* PBXContainerItemProxy */ = {
			isa = PBXContainerItemProxy;
			containerPortal = 056FEA68199E90E900B9383B /* Project object */;
			proxyType = 1;
			remoteGlobalIDString = 056FEA6F199E90E900B9383B;
			remoteInfo = IntegerCharArray;
		};
/* End PBXContainerItemProxy section */

/* Begin PBXFileReference section */
		056FEA70199E90E900B9383B /* IntegerCharacterArrayAdder.app */ = {isa = PBXFileReference; explicitFileType = wrapper.application; includeInIndex = 0; path = IntegerCharacterArrayAdder.app; sourceTree = BUILT_PRODUCTS_DIR; };
		056FEA74199E90E900B9383B /* Info.plist */ = {isa = PBXFileReference; lastKnownFileType = text.plist.xml; path = Info.plist; sourceTree = "<group>"; };
		056FEA75199E90E900B9383B /* main.m */ = {isa = PBXFileReference; lastKnownFileType = sourcecode.c.objc; path = main.m; sourceTree = "<group>"; };
		056FEA77199E90E900B9383B /* AppDelegate.h */ = {isa = PBXFileReference; lastKnownFileType = sourcecode.c.h; path = AppDelegate.h; sourceTree = "<group>"; };
		056FEA78199E90E900B9383B /* AppDelegate.m */ = {isa = PBXFileReference; lastKnownFileType = sourcecode.c.objc; path = AppDelegate.m; sourceTree = "<group>"; };
		056FEA7A199E90E900B9383B /* Images.xcassets */ = {isa = PBXFileReference; lastKnownFileType = folder.assetcatalog; path = Images.xcassets; sourceTree = "<group>"; };
		056FEA80199E90E900B9383B /* IntegerCharacterArrayAdderTests.xctest */ = {isa = PBXFileReference; explicitFileType = wrapper.cfbundle; includeInIndex = 0; path = IntegerCharacterArrayAdderTests.xctest; sourceTree = BUILT_PRODUCTS_DIR; };
		056FEA85199E90E900B9383B /* Info.plist */ = {isa = PBXFileReference; lastKnownFileType = text.plist.xml; path = Info.plist; sourceTree = "<group>"; };
		056FEA86199E90E900B9383B /* IntegerCharArrayTests.m */ = {isa = PBXFileReference; lastKnownFileType = sourcecode.c.objc; path = IntegerCharArrayTests.m; sourceTree = "<group>"; };
		056FEA90199E915C00B9383B /* ViewController.h */ = {isa = PBXFileReference; fileEncoding = 4; lastKnownFileType = sourcecode.c.h; path = ViewController.h; sourceTree = "<group>"; };
		056FEA91199E915C00B9383B /* ViewController.m */ = {isa = PBXFileReference; fileEncoding = 4; lastKnownFileType = sourcecode.c.objc; path = ViewController.m; sourceTree = "<group>"; };
		056FEA96199E96AE00B9383B /* IntegerConverter.h */ = {isa = PBXFileReference; fileEncoding = 4; lastKnownFileType = sourcecode.c.h; path = IntegerConverter.h; sourceTree = "<group>"; };
		056FEA97199E96D700B9383B /* IntegerConverter.c */ = {isa = PBXFileReference; fileEncoding = 4; lastKnownFileType = sourcecode.c.c; path = IntegerConverter.c; sourceTree = "<group>"; };
		056FEA99199E992C00B9383B /* IntegerCharacterArrayAdder.c */ = {isa = PBXFileReference; fileEncoding = 4; lastKnownFileType = sourcecode.c.c; path = IntegerCharacterArrayAdder.c; sourceTree = "<group>"; };
		056FEA9B199E993400B9383B /* IntegerCharacterArrayAdder.h */ = {isa = PBXFileReference; fileEncoding = 4; lastKnownFileType = sourcecode.c.h; path = IntegerCharacterArrayAdder.h; sourceTree = "<group>"; };
/* End PBXFileReference section */

/* Begin PBXFrameworksBuildPhase section */
		056FEA6D199E90E900B9383B /* Frameworks */ = {
			isa = PBXFrameworksBuildPhase;
			buildActionMask = 2147483647;
			files = (
			);
			runOnlyForDeploymentPostprocessing = 0;
		};
		056FEA7D199E90E900B9383B /* Frameworks */ = {
			isa = PBXFrameworksBuildPhase;
			buildActionMask = 2147483647;
			files = (
			);
			runOnlyForDeploymentPostprocessing = 0;
		};
/* End PBXFrameworksBuildPhase section */

/* Begin PBXGroup section */
		056FEA67199E90E900B9383B = {
			isa = PBXGroup;
			children = (
				056FEA72199E90E900B9383B /* IntegerCharArray */,
				056FEA83199E90E900B9383B /* IntegerCharArrayTests */,
				056FEA71199E90E900B9383B /* Products */,
			);
			sourceTree = "<group>";
		};
		056FEA71199E90E900B9383B /* Products */ = {
			isa = PBXGroup;
			children = (
				056FEA70199E90E900B9383B /* IntegerCharacterArrayAdder.app */,
				056FEA80199E90E900B9383B /* IntegerCharacterArrayAdderTests.xctest */,
			);
			name = Products;
			sourceTree = "<group>";
		};
		056FEA72199E90E900B9383B /* IntegerCharArray */ = {
			isa = PBXGroup;
			children = (
				056FEA77199E90E900B9383B /* AppDelegate.h */,
				056FEA78199E90E900B9383B /* AppDelegate.m */,
				056FEA90199E915C00B9383B /* ViewController.h */,
				056FEA91199E915C00B9383B /* ViewController.m */,
				056FEA96199E96AE00B9383B /* IntegerConverter.h */,
				056FEA97199E96D700B9383B /* IntegerConverter.c */,
				056FEA9B199E993400B9383B /* IntegerCharacterArrayAdder.h */,
				056FEA99199E992C00B9383B /* IntegerCharacterArrayAdder.c */,
				056FEA7A199E90E900B9383B /* Images.xcassets */,
				056FEA73199E90E900B9383B /* Supporting Files */,
			);
			path = IntegerCharArray;
			sourceTree = "<group>";
		};
		056FEA73199E90E900B9383B /* Supporting Files */ = {
			isa = PBXGroup;
			children = (
				056FEA74199E90E900B9383B /* Info.plist */,
				056FEA75199E90E900B9383B /* main.m */,
			);
			name = "Supporting Files";
			sourceTree = "<group>";
		};
		056FEA83199E90E900B9383B /* IntegerCharArrayTests */ = {
			isa = PBXGroup;
			children = (
				056FEA86199E90E900B9383B /* IntegerCharArrayTests.m */,
				056FEA84199E90E900B9383B /* Supporting Files */,
			);
			path = IntegerCharArrayTests;
			sourceTree = "<group>";
		};
		056FEA84199E90E900B9383B /* Supporting Files */ = {
			isa = PBXGroup;
			children = (
				056FEA85199E90E900B9383B /* Info.plist */,
			);
			name = "Supporting Files";
			sourceTree = "<group>";
		};
/* End PBXGroup section */

/* Begin PBXNativeTarget section */
		056FEA6F199E90E900B9383B /* IntegerCharacterArrayAdder */ = {
			isa = PBXNativeTarget;
			buildConfigurationList = 056FEA8A199E90E900B9383B /* Build configuration list for PBXNativeTarget "IntegerCharacterArrayAdder" */;
			buildPhases = (
				056FEA6C199E90E900B9383B /* Sources */,
				056FEA6D199E90E900B9383B /* Frameworks */,
				056FEA6E199E90E900B9383B /* Resources */,
			);
			buildRules = (
			);
			dependencies = (
			);
			name = IntegerCharacterArrayAdder;
			productName = IntegerCharArray;
			productReference = 056FEA70199E90E900B9383B /* IntegerCharacterArrayAdder.app */;
			productType = "com.apple.product-type.application";
		};
		056FEA7F199E90E900B9383B /* IntegerCharacterArrayAdderTests */ = {
			isa = PBXNativeTarget;
			buildConfigurationList = 056FEA8D199E90E900B9383B /* Build configuration list for PBXNativeTarget "IntegerCharacterArrayAdderTests" */;
			buildPhases = (
				056FEA7C199E90E900B9383B /* Sources */,
				056FEA7D199E90E900B9383B /* Frameworks */,
				056FEA7E199E90E900B9383B /* Resources */,
			);
			buildRules = (
			);
			dependencies = (
				056FEA82199E90E900B9383B /* PBXTargetDependency */,
			);
			name = IntegerCharacterArrayAdderTests;
			productName = IntegerCharArrayTests;
			productReference = 056FEA80199E90E900B9383B /* IntegerCharacterArrayAdderTests.xctest */;
			productType = "com.apple.product-type.bundle.unit-test";
		};
/* End PBXNativeTarget section */

/* Begin PBXProject section */
		056FEA68199E90E900B9383B /* Project object */ = {
			isa = PBXProject;
			attributes = {
				LastUpgradeCheck = 0600;
				ORGANIZATIONNAME = "Troy Chmieleski";
				TargetAttributes = {
					056FEA6F199E90E900B9383B = {
						CreatedOnToolsVersion = 6.0;
					};
					056FEA7F199E90E900B9383B = {
						CreatedOnToolsVersion = 6.0;
						TestTargetID = 056FEA6F199E90E900B9383B;
					};
				};
			};
			buildConfigurationList = 056FEA6B199E90E900B9383B /* Build configuration list for PBXProject "IntegerCharacterArrayAdder" */;
			compatibilityVersion = "Xcode 3.2";
			developmentRegion = English;
			hasScannedForEncodings = 0;
			knownRegions = (
				en,
			);
			mainGroup = 056FEA67199E90E900B9383B;
			productRefGroup = 056FEA71199E90E900B9383B /* Products */;
			projectDirPath = "";
			projectRoot = "";
			targets = (
				056FEA6F199E90E900B9383B /* IntegerCharacterArrayAdder */,
				056FEA7F199E90E900B9383B /* IntegerCharacterArrayAdderTests */,
			);
		};
/* End PBXProject section */

/* Begin PBXResourcesBuildPhase section */
		056FEA6E199E90E900B9383B /* Resources */ = {
			isa = PBXResourcesBuildPhase;
			buildActionMask = 2147483647;
			files = (
				056FEA7B199E90E900B9383B /* Images.xcassets in Resources */,
			);
			runOnlyForDeploymentPostprocessing = 0;
		};
		056FEA7E199E90E900B9383B /* Resources */ = {
			isa = PBXResourcesBuildPhase;
			buildActionMask = 2147483647;
			files = (
			);
			runOnlyForDeploymentPostprocessing = 0;
		};
/* End PBXResourcesBuildPhase section */

/* Begin PBXSourcesBuildPhase section */
		056FEA6C199E90E900B9383B /* Sources */ = {
			isa = PBXSourcesBuildPhase;
			buildActionMask = 2147483647;
			files = (
				056FEA9A199E992C00B9383B /* IntegerCharacterArrayAdder.c in Sources */,
				056FEA92199E915C00B9383B /* ViewController.m in Sources */,
				056FEA98199E96D700B9383B /* IntegerConverter.c in Sources */,
				056FEA79199E90E900B9383B /* AppDelegate.m in Sources */,
				056FEA76199E90E900B9383B /* main.m in Sources */,
			);
			runOnlyForDeploymentPostprocessing = 0;
		};
		056FEA7C199E90E900B9383B /* Sources */ = {
			isa = PBXSourcesBuildPhase;
			buildActionMask = 2147483647;
			files = (
				056FEA87199E90E900B9383B /* IntegerCharArrayTests.m in Sources */,
			);
			runOnlyForDeploymentPostprocessing = 0;
		};
/* End PBXSourcesBuildPhase section */

/* Begin PBXTargetDependency section */
		056FEA82199E90E900B9383B /* PBXTargetDependency */ = {
			isa = PBXTargetDependency;
			target = 056FEA6F199E90E900B9383B /* IntegerCharacterArrayAdder */;
			targetProxy = 056FEA81199E90E900B9383B /* PBXContainerItemProxy */;
		};
/* End PBXTargetDependency section */

/* Begin XCBuildConfiguration section */
		056FEA88199E90E900B9383B /* Debug */ = {
			isa = XCBuildConfiguration;
			buildSettings = {
				ALWAYS_SEARCH_USER_PATHS = NO;
				CLANG_CXX_LANGUAGE_STANDARD = "gnu++0x";
				CLANG_CXX_LIBRARY = "libc++";
				CLANG_ENABLE_MODULES = YES;
				CLANG_ENABLE_OBJC_ARC = YES;
				CLANG_WARN_BOOL_CONVERSION = YES;
				CLANG_WARN_CONSTANT_CONVERSION = YES;
				CLANG_WARN_DIRECT_OBJC_ISA_USAGE = YES_ERROR;
				CLANG_WARN_EMPTY_BODY = YES;
				CLANG_WARN_ENUM_CONVERSION = YES;
				CLANG_WARN_INT_CONVERSION = YES;
				CLANG_WARN_OBJC_ROOT_CLASS = YES_ERROR;
				CLANG_WARN_UNREACHABLE_CODE = YES;
				CLANG_WARN__DUPLICATE_METHOD_MATCH = YES;
				"CODE_SIGN_IDENTITY[sdk=iphoneos*]" = "iPhone Developer";
				COPY_PHASE_STRIP = NO;
				ENABLE_STRICT_OBJC_MSGSEND = YES;
				GCC_C_LANGUAGE_STANDARD = gnu99;
				GCC_DYNAMIC_NO_PIC = NO;
				GCC_OPTIMIZATION_LEVEL = 0;
				GCC_PREPROCESSOR_DEFINITIONS = (
					"DEBUG=1",
					"$(inherited)",
				);
				GCC_SYMBOLS_PRIVATE_EXTERN = NO;
				GCC_WARN_64_TO_32_BIT_CONVERSION = YES;
				GCC_WARN_ABOUT_RETURN_TYPE = YES_ERROR;
				GCC_WARN_UNDECLARED_SELECTOR = YES;
				GCC_WARN_UNINITIALIZED_AUTOS = YES_AGGRESSIVE;
				GCC_WARN_UNUSED_FUNCTION = YES;
				GCC_WARN_UNUSED_VARIABLE = YES;
				IPHONEOS_DEPLOYMENT_TARGET = 8.0;
				METAL_ENABLE_DEBUG_INFO = YES;
				ONLY_ACTIVE_ARCH = YES;
				SDKROOT = iphoneos;
			};
			name = Debug;
		};
		056FEA89199E90E900B9383B /* Release */ = {
			isa = XCBuildConfiguration;
			buildSettings = {
				ALWAYS_SEARCH_USER_PATHS = NO;
				CLANG_CXX_LANGUAGE_STANDARD = "gnu++0x";
				CLANG_CXX_LIBRARY = "libc++";
				CLANG_ENABLE_MODULES = YES;
				CLANG_ENABLE_OBJC_ARC = YES;
				CLANG_WARN_BOOL_CONVERSION = YES;
				CLANG_WARN_CONSTANT_CONVERSION = YES;
				CLANG_WARN_DIRECT_OBJC_ISA_USAGE = YES_ERROR;
				CLANG_WARN_EMPTY_BODY = YES;
				CLANG_WARN_ENUM_CONVERSION = YES;
				CLANG_WARN_INT_CONVERSION = YES;
				CLANG_WARN_OBJC_ROOT_CLASS = YES_ERROR;
				CLANG_WARN_UNREACHABLE_CODE = YES;
				CLANG_WARN__DUPLICATE_METHOD_MATCH = YES;
				"CODE_SIGN_IDENTITY[sdk=iphoneos*]" = "iPhone Developer";
				COPY_PHASE_STRIP = YES;
				ENABLE_NS_ASSERTIONS = NO;
				ENABLE_STRICT_OBJC_MSGSEND = YES;
				GCC_C_LANGUAGE_STANDARD = gnu99;
				GCC_WARN_64_TO_32_BIT_CONVERSION = YES;
				GCC_WARN_ABOUT_RETURN_TYPE = YES_ERROR;
				GCC_WARN_UNDECLARED_SELECTOR = YES;
				GCC_WARN_UNINITIALIZED_AUTOS = YES_AGGRESSIVE;
				GCC_WARN_UNUSED_FUNCTION = YES;
				GCC_WARN_UNUSED_VARIABLE = YES;
				IPHONEOS_DEPLOYMENT_TARGET = 8.0;
				METAL_ENABLE_DEBUG_INFO = NO;
				SDKROOT = iphoneos;
				VALIDATE_PRODUCT = YES;
			};
			name = Release;
		};
		056FEA8B199E90E900B9383B /* Debug */ = {
			isa = XCBuildConfiguration;
			buildSettings = {
				ASSETCATALOG_COMPILER_APPICON_NAME = AppIcon;
				ASSETCATALOG_COMPILER_LAUNCHIMAGE_NAME = LaunchImage;
				INFOPLIST_FILE = IntegerCharArray/Info.plist;
				LD_RUNPATH_SEARCH_PATHS = "$(inherited) @executable_path/Frameworks";
				PRODUCT_NAME = IntegerCharacterArrayAdder;
			};
			name = Debug;
		};
		056FEA8C199E90E900B9383B /* Release */ = {
			isa = XCBuildConfiguration;
			buildSettings = {
				ASSETCATALOG_COMPILER_APPICON_NAME = AppIcon;
				ASSETCATALOG_COMPILER_LAUNCHIMAGE_NAME = LaunchImage;
				INFOPLIST_FILE = IntegerCharArray/Info.plist;
				LD_RUNPATH_SEARCH_PATHS = "$(inherited) @executable_path/Frameworks";
				PRODUCT_NAME = IntegerCharacterArrayAdder;
			};
			name = Release;
		};
		056FEA8E199E90E900B9383B /* Debug */ = {
			isa = XCBuildConfiguration;
			buildSettings = {
				BUNDLE_LOADER = "$(BUILT_PRODUCTS_DIR)/IntegerCharArray.app/IntegerCharArray";
				FRAMEWORK_SEARCH_PATHS = (
					"$(SDKROOT)/Developer/Library/Frameworks",
					"$(inherited)",
				);
				GCC_PREPROCESSOR_DEFINITIONS = (
					"DEBUG=1",
					"$(inherited)",
				);
				INFOPLIST_FILE = IntegerCharArrayTests/Info.plist;
				LD_RUNPATH_SEARCH_PATHS = "$(inherited) @executable_path/Frameworks @loader_path/Frameworks";
				METAL_ENABLE_DEBUG_INFO = YES;
				PRODUCT_NAME = IntegerCharacterArrayAdderTests;
				TEST_HOST = "$(BUNDLE_LOADER)";
			};
			name = Debug;
		};
		056FEA8F199E90E900B9383B /* Release */ = {
			isa = XCBuildConfiguration;
			buildSettings = {
				BUNDLE_LOADER = "$(BUILT_PRODUCTS_DIR)/IntegerCharArray.app/IntegerCharArray";
				FRAMEWORK_SEARCH_PATHS = (
					"$(SDKROOT)/Developer/Library/Frameworks",
					"$(inherited)",
				);
				INFOPLIST_FILE = IntegerCharArrayTests/Info.plist;
				LD_RUNPATH_SEARCH_PATHS = "$(inherited) @executable_path/Frameworks @loader_path/Frameworks";
				METAL_ENABLE_DEBUG_INFO = NO;
				PRODUCT_NAME = IntegerCharacterArrayAdderTests;
				TEST_HOST = "$(BUNDLE_LOADER)";
			};
			name = Release;
		};
/* End XCBuildConfiguration section */

/* Begin XCConfigurationList section */
		056FEA6B199E90E900B9383B /* Build configuration list for PBXProject "IntegerCharacterArrayAdder" */ = {
			isa = XCConfigurationList;
			buildConfigurations = (
				056FEA88199E90E900B9383B /* Debug */,
				056FEA89199E90E900B9383B /* Release */,
			);
			defaultConfigurationIsVisible = 0;
			defaultConfigurationName = Release;
		};
		056FEA8A199E90E900B9383B /* Build configuration list for PBXNativeTarget "IntegerCharacterArrayAdder" */ = {
			isa = XCConfigurationList;
			buildConfigurations = (
				056FEA8B199E90E900B9383B /* Debug */,
				056FEA8C199E90E900B9383B /* Release */,
			);
			defaultConfigurationIsVisible = 0;
			defaultConfigurationName = Release;
		};
		056FEA8D199E90E900B9383B /* Build configuration list for PBXNativeTarget "IntegerCharacterArrayAdderTests" */ = {
			isa = XCConfigurationList;
			buildConfigurations = (
				056FEA8E199E90E900B9383B /* Debug */,
				056FEA8F199E90E900B9383B /* Release */,
			);
			defaultConfigurationIsVisible = 0;
			defaultConfigurationName = Release;
		};
/* End XCConfigurationList section */
	};
	rootObject = 056FEA68199E90E900B9383B /* Project object */;
}
